// !$*UTF8*$!
{
	archiveVersion = 1;
	classes = {
	};
	objectVersion = 50;
	objects = {

/* Begin PBXBuildFile section */
		FDB1540B25FD4695003C8D6E /* AppDelegate.swift in Sources */ = {isa = PBXBuildFile; fileRef = FDB1540A25FD4695003C8D6E /* AppDelegate.swift */; };
		FDB1540D25FD4695003C8D6E /* SceneDelegate.swift in Sources */ = {isa = PBXBuildFile; fileRef = FDB1540C25FD4695003C8D6E /* SceneDelegate.swift */; };
		FDB1540F25FD4695003C8D6E /* ViewController.swift in Sources */ = {isa = PBXBuildFile; fileRef = FDB1540E25FD4695003C8D6E /* ViewController.swift */; };
		FDB1541225FD4695003C8D6E /* Main.storyboard in Resources */ = {isa = PBXBuildFile; fileRef = FDB1541025FD4695003C8D6E /* Main.storyboard */; };
		FDB1541525FD4695003C8D6E /* CoreDataDemo.xcdatamodeld in Sources */ = {isa = PBXBuildFile; fileRef = FDB1541325FD4695003C8D6E /* CoreDataDemo.xcdatamodeld */; };
		FDB1541725FD4697003C8D6E /* Assets.xcassets in Resources */ = {isa = PBXBuildFile; fileRef = FDB1541625FD4697003C8D6E /* Assets.xcassets */; };
		FDB1541A25FD4697003C8D6E /* LaunchScreen.storyboard in Resources */ = {isa = PBXBuildFile; fileRef = FDB1541825FD4697003C8D6E /* LaunchScreen.storyboard */; };
		FDB1542525FD4697003C8D6E /* CoreDataDemoTests.swift in Sources */ = {isa = PBXBuildFile; fileRef = FDB1542425FD4697003C8D6E /* CoreDataDemoTests.swift */; };
		FDB1543025FD4697003C8D6E /* CoreDataDemoUITests.swift in Sources */ = {isa = PBXBuildFile; fileRef = FDB1542F25FD4697003C8D6E /* CoreDataDemoUITests.swift */; };
		FDB1544525FD54E1003C8D6E /* SecondTableViewCell.swift in Sources */ = {isa = PBXBuildFile; fileRef = FDB1544425FD54E1003C8D6E /* SecondTableViewCell.swift */; };
		FDB1544D25FD54FA003C8D6E /* SecondViewControllerViewController.swift in Sources */ = {isa = PBXBuildFile; fileRef = FDB1544C25FD54FA003C8D6E /* SecondViewControllerViewController.swift */; };
		FDB1545325FD5699003C8D6E /* ThirdViewController.swift in Sources */ = {isa = PBXBuildFile; fileRef = FDB1545225FD5699003C8D6E /* ThirdViewController.swift */; };
		FDB1545C25FD5E1C003C8D6E /* DataBaseHelper.swift in Sources */ = {isa = PBXBuildFile; fileRef = FDB1545B25FD5E1C003C8D6E /* DataBaseHelper.swift */; };
/* End PBXBuildFile section */

/* Begin PBXContainerItemProxy section */
		FDB1542125FD4697003C8D6E /* PBXContainerItemProxy */ = {
			isa = PBXContainerItemProxy;
			containerPortal = FDB153FF25FD4695003C8D6E /* Project object */;
			proxyType = 1;
			remoteGlobalIDString = FDB1540625FD4695003C8D6E;
			remoteInfo = CoreDataDemo;
		};
		FDB1542C25FD4697003C8D6E /* PBXContainerItemProxy */ = {
			isa = PBXContainerItemProxy;
			containerPortal = FDB153FF25FD4695003C8D6E /* Project object */;
			proxyType = 1;
			remoteGlobalIDString = FDB1540625FD4695003C8D6E;
			remoteInfo = CoreDataDemo;
		};
/* End PBXContainerItemProxy section */

/* Begin PBXFileReference section */
		FDB1540725FD4695003C8D6E /* CoreDataDemo.app */ = {isa = PBXFileReference; explicitFileType = wrapper.application; includeInIndex = 0; path = CoreDataDemo.app; sourceTree = BUILT_PRODUCTS_DIR; };
		FDB1540A25FD4695003C8D6E /* AppDelegate.swift */ = {isa = PBXFileReference; lastKnownFileType = sourcecode.swift; path = AppDelegate.swift; sourceTree = "<group>"; };
		FDB1540C25FD4695003C8D6E /* SceneDelegate.swift */ = {isa = PBXFileReference; lastKnownFileType = sourcecode.swift; path = SceneDelegate.swift; sourceTree = "<group>"; };
		FDB1540E25FD4695003C8D6E /* ViewController.swift */ = {isa = PBXFileReference; lastKnownFileType = sourcecode.swift; path = ViewController.swift; sourceTree = "<group>"; };
		FDB1541125FD4695003C8D6E /* Base */ = {isa = PBXFileReference; lastKnownFileType = file.storyboard; name = Base; path = Base.lproj/Main.storyboard; sourceTree = "<group>"; };
		FDB1541425FD4695003C8D6E /* CoreDataDemo.xcdatamodel */ = {isa = PBXFileReference; lastKnownFileType = wrapper.xcdatamodel; path = CoreDataDemo.xcdatamodel; sourceTree = "<group>"; };
		FDB1541625FD4697003C8D6E /* Assets.xcassets */ = {isa = PBXFileReference; lastKnownFileType = folder.assetcatalog; path = Assets.xcassets; sourceTree = "<group>"; };
		FDB1541925FD4697003C8D6E /* Base */ = {isa = PBXFileReference; lastKnownFileType = file.storyboard; name = Base; path = Base.lproj/LaunchScreen.storyboard; sourceTree = "<group>"; };
		FDB1541B25FD4697003C8D6E /* Info.plist */ = {isa = PBXFileReference; lastKnownFileType = text.plist.xml; path = Info.plist; sourceTree = "<group>"; };
		FDB1542025FD4697003C8D6E /* CoreDataDemoTests.xctest */ = {isa = PBXFileReference; explicitFileType = wrapper.cfbundle; includeInIndex = 0; path = CoreDataDemoTests.xctest; sourceTree = BUILT_PRODUCTS_DIR; };
		FDB1542425FD4697003C8D6E /* CoreDataDemoTests.swift */ = {isa = PBXFileReference; lastKnownFileType = sourcecode.swift; path = CoreDataDemoTests.swift; sourceTree = "<group>"; };
		FDB1542625FD4697003C8D6E /* Info.plist */ = {isa = PBXFileReference; lastKnownFileType = text.plist.xml; path = Info.plist; sourceTree = "<group>"; };
		FDB1542B25FD4697003C8D6E /* CoreDataDemoUITests.xctest */ = {isa = PBXFileReference; explicitFileType = wrapper.cfbundle; includeInIndex = 0; path = CoreDataDemoUITests.xctest; sourceTree = BUILT_PRODUCTS_DIR; };
		FDB1542F25FD4697003C8D6E /* CoreDataDemoUITests.swift */ = {isa = PBXFileReference; lastKnownFileType = sourcecode.swift; path = CoreDataDemoUITests.swift; sourceTree = "<group>"; };
		FDB1543125FD4697003C8D6E /* Info.plist */ = {isa = PBXFileReference; lastKnownFileType = text.plist.xml; path = Info.plist; sourceTree = "<group>"; };
		FDB1544425FD54E1003C8D6E /* SecondTableViewCell.swift */ = {isa = PBXFileReference; lastKnownFileType = sourcecode.swift; path = SecondTableViewCell.swift; sourceTree = "<group>"; };
		FDB1544C25FD54FA003C8D6E /* SecondViewControllerViewController.swift */ = {isa = PBXFileReference; lastKnownFileType = sourcecode.swift; path = SecondViewControllerViewController.swift; sourceTree = "<group>"; };
		FDB1545225FD5699003C8D6E /* ThirdViewController.swift */ = {isa = PBXFileReference; lastKnownFileType = sourcecode.swift; path = ThirdViewController.swift; sourceTree = "<group>"; };
		FDB1545B25FD5E1C003C8D6E /* DataBaseHelper.swift */ = {isa = PBXFileReference; lastKnownFileType = sourcecode.swift; path = DataBaseHelper.swift; sourceTree = "<group>"; };
/* End PBXFileReference section */

/* Begin PBXFrameworksBuildPhase section */
		FDB1540425FD4695003C8D6E /* Frameworks */ = {
			isa = PBXFrameworksBuildPhase;
			buildActionMask = 2147483647;
			files = (
			);
			runOnlyForDeploymentPostprocessing = 0;
		};
		FDB1541D25FD4697003C8D6E /* Frameworks */ = {
			isa = PBXFrameworksBuildPhase;
			buildActionMask = 2147483647;
			files = (
			);
			runOnlyForDeploymentPostprocessing = 0;
		};
		FDB1542825FD4697003C8D6E /* Frameworks */ = {
			isa = PBXFrameworksBuildPhase;
			buildActionMask = 2147483647;
			files = (
			);
			runOnlyForDeploymentPostprocessing = 0;
		};
/* End PBXFrameworksBuildPhase section */

/* Begin PBXGroup section */
		FDB153FE25FD4695003C8D6E = {
			isa = PBXGroup;
			children = (
				FDB1540925FD4695003C8D6E /* CoreDataDemo */,
				FDB1542325FD4697003C8D6E /* CoreDataDemoTests */,
				FDB1542E25FD4697003C8D6E /* CoreDataDemoUITests */,
				FDB1540825FD4695003C8D6E /* Products */,
			);
			sourceTree = "<group>";
		};
		FDB1540825FD4695003C8D6E /* Products */ = {
			isa = PBXGroup;
			children = (
				FDB1540725FD4695003C8D6E /* CoreDataDemo.app */,
				FDB1542025FD4697003C8D6E /* CoreDataDemoTests.xctest */,
				FDB1542B25FD4697003C8D6E /* CoreDataDemoUITests.xctest */,
			);
			name = Products;
			sourceTree = "<group>";
		};
		FDB1540925FD4695003C8D6E /* CoreDataDemo */ = {
			isa = PBXGroup;
			children = (
				FDB1545A25FD5DFB003C8D6E /* DataBasehelper */,
				FDB1545125FD5683003C8D6E /* Third View Controller */,
				FDB1544325FD54C4003C8D6E /* SecondViewController */,
				FDB1540A25FD4695003C8D6E /* AppDelegate.swift */,
				FDB1540C25FD4695003C8D6E /* SceneDelegate.swift */,
				FDB1540E25FD4695003C8D6E /* ViewController.swift */,
				FDB1541025FD4695003C8D6E /* Main.storyboard */,
				FDB1541625FD4697003C8D6E /* Assets.xcassets */,
				FDB1541825FD4697003C8D6E /* LaunchScreen.storyboard */,
				FDB1541B25FD4697003C8D6E /* Info.plist */,
				FDB1541325FD4695003C8D6E /* CoreDataDemo.xcdatamodeld */,
			);
			path = CoreDataDemo;
			sourceTree = "<group>";
		};
		FDB1542325FD4697003C8D6E /* CoreDataDemoTests */ = {
			isa = PBXGroup;
			children = (
				FDB1542425FD4697003C8D6E /* CoreDataDemoTests.swift */,
				FDB1542625FD4697003C8D6E /* Info.plist */,
			);
			path = CoreDataDemoTests;
			sourceTree = "<group>";
		};
		FDB1542E25FD4697003C8D6E /* CoreDataDemoUITests */ = {
			isa = PBXGroup;
			children = (
				FDB1542F25FD4697003C8D6E /* CoreDataDemoUITests.swift */,
				FDB1543125FD4697003C8D6E /* Info.plist */,
			);
			path = CoreDataDemoUITests;
			sourceTree = "<group>";
		};
		FDB1544325FD54C4003C8D6E /* SecondViewController */ = {
			isa = PBXGroup;
			children = (
				FDB1544425FD54E1003C8D6E /* SecondTableViewCell.swift */,
				FDB1544C25FD54FA003C8D6E /* SecondViewControllerViewController.swift */,
			);
			path = SecondViewController;
			sourceTree = "<group>";
		};
		FDB1545125FD5683003C8D6E /* Third View Controller */ = {
			isa = PBXGroup;
			children = (
				FDB1545225FD5699003C8D6E /* ThirdViewController.swift */,
			);
			path = "Third View Controller";
			sourceTree = "<group>";
		};
		FDB1545A25FD5DFB003C8D6E /* DataBasehelper */ = {
			isa = PBXGroup;
			children = (
				FDB1545B25FD5E1C003C8D6E /* DataBaseHelper.swift */,
			);
			path = DataBasehelper;
			sourceTree = "<group>";
		};
/* End PBXGroup section */

/* Begin PBXNativeTarget section */
		FDB1540625FD4695003C8D6E /* CoreDataDemo */ = {
			isa = PBXNativeTarget;
			buildConfigurationList = FDB1543425FD4697003C8D6E /* Build configuration list for PBXNativeTarget "CoreDataDemo" */;
			buildPhases = (
				FDB1540325FD4695003C8D6E /* Sources */,
				FDB1540425FD4695003C8D6E /* Frameworks */,
				FDB1540525FD4695003C8D6E /* Resources */,
			);
			buildRules = (
			);
			dependencies = (
			);
			name = CoreDataDemo;
			productName = CoreDataDemo;
			productReference = FDB1540725FD4695003C8D6E /* CoreDataDemo.app */;
			productType = "com.apple.product-type.application";
		};
		FDB1541F25FD4697003C8D6E /* CoreDataDemoTests */ = {
			isa = PBXNativeTarget;
			buildConfigurationList = FDB1543725FD4697003C8D6E /* Build configuration list for PBXNativeTarget "CoreDataDemoTests" */;
			buildPhases = (
				FDB1541C25FD4697003C8D6E /* Sources */,
				FDB1541D25FD4697003C8D6E /* Frameworks */,
				FDB1541E25FD4697003C8D6E /* Resources */,
			);
			buildRules = (
			);
			dependencies = (
				FDB1542225FD4697003C8D6E /* PBXTargetDependency */,
			);
			name = CoreDataDemoTests;
			productName = CoreDataDemoTests;
			productReference = FDB1542025FD4697003C8D6E /* CoreDataDemoTests.xctest */;
			productType = "com.apple.product-type.bundle.unit-test";
		};
		FDB1542A25FD4697003C8D6E /* CoreDataDemoUITests */ = {
			isa = PBXNativeTarget;
			buildConfigurationList = FDB1543A25FD4697003C8D6E /* Build configuration list for PBXNativeTarget "CoreDataDemoUITests" */;
			buildPhases = (
				FDB1542725FD4697003C8D6E /* Sources */,
				FDB1542825FD4697003C8D6E /* Frameworks */,
				FDB1542925FD4697003C8D6E /* Resources */,
			);
			buildRules = (
			);
			dependencies = (
				FDB1542D25FD4697003C8D6E /* PBXTargetDependency */,
			);
			name = CoreDataDemoUITests;
			productName = CoreDataDemoUITests;
			productReference = FDB1542B25FD4697003C8D6E /* CoreDataDemoUITests.xctest */;
			productType = "com.apple.product-type.bundle.ui-testing";
		};
/* End PBXNativeTarget section */

/* Begin PBXProject section */
		FDB153FF25FD4695003C8D6E /* Project object */ = {
			isa = PBXProject;
			attributes = {
				LastSwiftUpdateCheck = 1230;
				LastUpgradeCheck = 1230;
				TargetAttributes = {
					FDB1540625FD4695003C8D6E = {
						CreatedOnToolsVersion = 12.3;
					};
					FDB1541F25FD4697003C8D6E = {
						CreatedOnToolsVersion = 12.3;
						TestTargetID = FDB1540625FD4695003C8D6E;
					};
					FDB1542A25FD4697003C8D6E = {
						CreatedOnToolsVersion = 12.3;
						TestTargetID = FDB1540625FD4695003C8D6E;
					};
				};
			};
			buildConfigurationList = FDB1540225FD4695003C8D6E /* Build configuration list for PBXProject "CoreDataDemo" */;
			compatibilityVersion = "Xcode 9.3";
			developmentRegion = en;
			hasScannedForEncodings = 0;
			knownRegions = (
				en,
				Base,
			);
			mainGroup = FDB153FE25FD4695003C8D6E;
			productRefGroup = FDB1540825FD4695003C8D6E /* Products */;
			projectDirPath = "";
			projectRoot = "";
			targets = (
				FDB1540625FD4695003C8D6E /* CoreDataDemo */,
				FDB1541F25FD4697003C8D6E /* CoreDataDemoTests */,
				FDB1542A25FD4697003C8D6E /* CoreDataDemoUITests */,
			);
		};
/* End PBXProject section */

/* Begin PBXResourcesBuildPhase section */
		FDB1540525FD4695003C8D6E /* Resources */ = {
			isa = PBXResourcesBuildPhase;
			buildActionMask = 2147483647;
			files = (
				FDB1541A25FD4697003C8D6E /* LaunchScreen.storyboard in Resources */,
				FDB1541725FD4697003C8D6E /* Assets.xcassets in Resources */,
				FDB1541225FD4695003C8D6E /* Main.storyboard in Resources */,
			);
			runOnlyForDeploymentPostprocessing = 0;
		};
		FDB1541E25FD4697003C8D6E /* Resources */ = {
			isa = PBXResourcesBuildPhase;
			buildActionMask = 2147483647;
			files = (
			);
			runOnlyForDeploymentPostprocessing = 0;
		};
		FDB1542925FD4697003C8D6E /* Resources */ = {
			isa = PBXResourcesBuildPhase;
			buildActionMask = 2147483647;
			files = (
			);
			runOnlyForDeploymentPostprocessing = 0;
		};
/* End PBXResourcesBuildPhase section */

/* Begin PBXSourcesBuildPhase section */
		FDB1540325FD4695003C8D6E /* Sources */ = {
			isa = PBXSourcesBuildPhase;
			buildActionMask = 2147483647;
			files = (
				FDB1540F25FD4695003C8D6E /* ViewController.swift in Sources */,
				FDB1544D25FD54FA003C8D6E /* SecondViewControllerViewController.swift in Sources */,
				FDB1544525FD54E1003C8D6E /* SecondTableViewCell.swift in Sources */,
				FDB1545325FD5699003C8D6E /* ThirdViewController.swift in Sources */,
				FDB1545C25FD5E1C003C8D6E /* DataBaseHelper.swift in Sources */,
				FDB1541525FD4695003C8D6E /* CoreDataDemo.xcdatamodeld in Sources */,
				FDB1540B25FD4695003C8D6E /* AppDelegate.swift in Sources */,
				FDB1540D25FD4695003C8D6E /* SceneDelegate.swift in Sources */,
			);
			runOnlyForDeploymentPostprocessing = 0;
		};
		FDB1541C25FD4697003C8D6E /* Sources */ = {
			isa = PBXSourcesBuildPhase;
			buildActionMask = 2147483647;
			files = (
				FDB1542525FD4697003C8D6E /* CoreDataDemoTests.swift in Sources */,
			);
			runOnlyForDeploymentPostprocessing = 0;
		};
		FDB1542725FD4697003C8D6E /* Sources */ = {
			isa = PBXSourcesBuildPhase;
			buildActionMask = 2147483647;
			files = (
				FDB1543025FD4697003C8D6E /* CoreDataDemoUITests.swift in Sources */,
			);
			runOnlyForDeploymentPostprocessing = 0;
		};
/* End PBXSourcesBuildPhase section */

/* Begin PBXTargetDependency section */
		FDB1542225FD4697003C8D6E /* PBXTargetDependency */ = {
			isa = PBXTargetDependency;
			target = FDB1540625FD4695003C8D6E /* CoreDataDemo */;
			targetProxy = FDB1542125FD4697003C8D6E /* PBXContainerItemProxy */;
		};
		FDB1542D25FD4697003C8D6E /* PBXTargetDependency */ = {
			isa = PBXTargetDependency;
			target = FDB1540625FD4695003C8D6E /* CoreDataDemo */;
			targetProxy = FDB1542C25FD4697003C8D6E /* PBXContainerItemProxy */;
		};
/* End PBXTargetDependency section */

/* Begin PBXVariantGroup section */
		FDB1541025FD4695003C8D6E /* Main.storyboard */ = {
			isa = PBXVariantGroup;
			children = (
				FDB1541125FD4695003C8D6E /* Base */,
			);
			name = Main.storyboard;
			sourceTree = "<group>";
		};
		FDB1541825FD4697003C8D6E /* LaunchScreen.storyboard */ = {
			isa = PBXVariantGroup;
			children = (
				FDB1541925FD4697003C8D6E /* Base */,
			);
			name = LaunchScreen.storyboard;
			sourceTree = "<group>";
		};
/* End PBXVariantGroup section */

/* Begin XCBuildConfiguration section */
		FDB1543225FD4697003C8D6E /* Debug */ = {
			isa = XCBuildConfiguration;
			buildSettings = {
				ALWAYS_SEARCH_USER_PATHS = NO;
				CLANG_ANALYZER_NONNULL = YES;
				CLANG_ANALYZER_NUMBER_OBJECT_CONVERSION = YES_AGGRESSIVE;
				CLANG_CXX_LANGUAGE_STANDARD = "gnu++14";
				CLANG_CXX_LIBRARY = "libc++";
				CLANG_ENABLE_MODULES = YES;
				CLANG_ENABLE_OBJC_ARC = YES;
				CLANG_ENABLE_OBJC_WEAK = YES;
				CLANG_WARN_BLOCK_CAPTURE_AUTORELEASING = YES;
				CLANG_WARN_BOOL_CONVERSION = YES;
				CLANG_WARN_COMMA = YES;
				CLANG_WARN_CONSTANT_CONVERSION = YES;
				CLANG_WARN_DEPRECATED_OBJC_IMPLEMENTATIONS = YES;
				CLANG_WARN_DIRECT_OBJC_ISA_USAGE = YES_ERROR;
				CLANG_WARN_DOCUMENTATION_COMMENTS = YES;
				CLANG_WARN_EMPTY_BODY = YES;
				CLANG_WARN_ENUM_CONVERSION = YES;
				CLANG_WARN_INFINITE_RECURSION = YES;
				CLANG_WARN_INT_CONVERSION = YES;
				CLANG_WARN_NON_LITERAL_NULL_CONVERSION = YES;
				CLANG_WARN_OBJC_IMPLICIT_RETAIN_SELF = YES;
				CLANG_WARN_OBJC_LITERAL_CONVERSION = YES;
				CLANG_WARN_OBJC_ROOT_CLASS = YES_ERROR;
				CLANG_WARN_QUOTED_INCLUDE_IN_FRAMEWORK_HEADER = YES;
				CLANG_WARN_RANGE_LOOP_ANALYSIS = YES;
				CLANG_WARN_STRICT_PROTOTYPES = YES;
				CLANG_WARN_SUSPICIOUS_MOVE = YES;
				CLANG_WARN_UNGUARDED_AVAILABILITY = YES_AGGRESSIVE;
				CLANG_WARN_UNREACHABLE_CODE = YES;
				CLANG_WARN__DUPLICATE_METHOD_MATCH = YES;
				COPY_PHASE_STRIP = NO;
				DEBUG_INFORMATION_FORMAT = dwarf;
				ENABLE_STRICT_OBJC_MSGSEND = YES;
				ENABLE_TESTABILITY = YES;
				GCC_C_LANGUAGE_STANDARD = gnu11;
				GCC_DYNAMIC_NO_PIC = NO;
				GCC_NO_COMMON_BLOCKS = YES;
				GCC_OPTIMIZATION_LEVEL = 0;
				GCC_PREPROCESSOR_DEFINITIONS = (
					"DEBUG=1",
					"$(inherited)",
				);
				GCC_WARN_64_TO_32_BIT_CONVERSION = YES;
				GCC_WARN_ABOUT_RETURN_TYPE = YES_ERROR;
				GCC_WARN_UNDECLARED_SELECTOR = YES;
				GCC_WARN_UNINITIALIZED_AUTOS = YES_AGGRESSIVE;
				GCC_WARN_UNUSED_FUNCTION = YES;
				GCC_WARN_UNUSED_VARIABLE = YES;
				IPHONEOS_DEPLOYMENT_TARGET = 14.3;
				MTL_ENABLE_DEBUG_INFO = INCLUDE_SOURCE;
				MTL_FAST_MATH = YES;
				ONLY_ACTIVE_ARCH = YES;
				SDKROOT = iphoneos;
				SWIFT_ACTIVE_COMPILATION_CONDITIONS = DEBUG;
				SWIFT_OPTIMIZATION_LEVEL = "-Onone";
			};
			name = Debug;
		};
		FDB1543325FD4697003C8D6E /* Release */ = {
			isa = XCBuildConfiguration;
			buildSettings = {
				ALWAYS_SEARCH_USER_PATHS = NO;
				CLANG_ANALYZER_NONNULL = YES;
				CLANG_ANALYZER_NUMBER_OBJECT_CONVERSION = YES_AGGRESSIVE;
				CLANG_CXX_LANGUAGE_STANDARD = "gnu++14";
				CLANG_CXX_LIBRARY = "libc++";
				CLANG_ENABLE_MODULES = YES;
				CLANG_ENABLE_OBJC_ARC = YES;
				CLANG_ENABLE_OBJC_WEAK = YES;
				CLANG_WARN_BLOCK_CAPTURE_AUTORELEASING = YES;
				CLANG_WARN_BOOL_CONVERSION = YES;
				CLANG_WARN_COMMA = YES;
				CLANG_WARN_CONSTANT_CONVERSION = YES;
				CLANG_WARN_DEPRECATED_OBJC_IMPLEMENTATIONS = YES;
				CLANG_WARN_DIRECT_OBJC_ISA_USAGE = YES_ERROR;
				CLANG_WARN_DOCUMENTATION_COMMENTS = YES;
				CLANG_WARN_EMPTY_BODY = YES;
				CLANG_WARN_ENUM_CONVERSION = YES;
				CLANG_WARN_INFINITE_RECURSION = YES;
				CLANG_WARN_INT_CONVERSION = YES;
				CLANG_WARN_NON_LITERAL_NULL_CONVERSION = YES;
				CLANG_WARN_OBJC_IMPLICIT_RETAIN_SELF = YES;
				CLANG_WARN_OBJC_LITERAL_CONVERSION = YES;
				CLANG_WARN_OBJC_ROOT_CLASS = YES_ERROR;
				CLANG_WARN_QUOTED_INCLUDE_IN_FRAMEWORK_HEADER = YES;
				CLANG_WARN_RANGE_LOOP_ANALYSIS = YES;
				CLANG_WARN_STRICT_PROTOTYPES = YES;
				CLANG_WARN_SUSPICIOUS_MOVE = YES;
				CLANG_WARN_UNGUARDED_AVAILABILITY = YES_AGGRESSIVE;
				CLANG_WARN_UNREACHABLE_CODE = YES;
				CLANG_WARN__DUPLICATE_METHOD_MATCH = YES;
				COPY_PHASE_STRIP = NO;
				DEBUG_INFORMATION_FORMAT = "dwarf-with-dsym";
				ENABLE_NS_ASSERTIONS = NO;
				ENABLE_STRICT_OBJC_MSGSEND = YES;
				GCC_C_LANGUAGE_STANDARD = gnu11;
				GCC_NO_COMMON_BLOCKS = YES;
				GCC_WARN_64_TO_32_BIT_CONVERSION = YES;
				GCC_WARN_ABOUT_RETURN_TYPE = YES_ERROR;
				GCC_WARN_UNDECLARED_SELECTOR = YES;
				GCC_WARN_UNINITIALIZED_AUTOS = YES_AGGRESSIVE;
				GCC_WARN_UNUSED_FUNCTION = YES;
				GCC_WARN_UNUSED_VARIABLE = YES;
				IPHONEOS_DEPLOYMENT_TARGET = 14.3;
				MTL_ENABLE_DEBUG_INFO = NO;
				MTL_FAST_MATH = YES;
				SDKROOT = iphoneos;
				SWIFT_COMPILATION_MODE = wholemodule;
				SWIFT_OPTIMIZATION_LEVEL = "-O";
				VALIDATE_PRODUCT = YES;
			};
			name = Release;
		};
		FDB1543525FD4697003C8D6E /* Debug */ = {
			isa = XCBuildConfiguration;
			buildSettings = {
				ASSETCATALOG_COMPILER_APPICON_NAME = AppIcon;
				ASSETCATALOG_COMPILER_GLOBAL_ACCENT_COLOR_NAME = AccentColor;
				CODE_SIGN_STYLE = Automatic;
				DEVELOPMENT_TEAM = 3X37L3WJ45;
				INFOPLIST_FILE = CoreDataDemo/Info.plist;
				LD_RUNPATH_SEARCH_PATHS = (
					"$(inherited)",
					"@executable_path/Frameworks",
				);
				PRODUCT_BUNDLE_IDENTIFIER = Com.maa.CoreDataDemo;
				PRODUCT_NAME = "$(TARGET_NAME)";
				SWIFT_VERSION = 5.0;
				TARGETED_DEVICE_FAMILY = "1,2";
			};
			name = Debug;
		};
		FDB1543625FD4697003C8D6E /* Release */ = {
			isa = XCBuildConfiguration;
			buildSettings = {
				ASSETCATALOG_COMPILER_APPICON_NAME = AppIcon;
				ASSETCATALOG_COMPILER_GLOBAL_ACCENT_COLOR_NAME = AccentColor;
				CODE_SIGN_STYLE = Automatic;
				DEVELOPMENT_TEAM = 3X37L3WJ45;
				INFOPLIST_FILE = CoreDataDemo/Info.plist;
				LD_RUNPATH_SEARCH_PATHS = (
					"$(inherited)",
					"@executable_path/Frameworks",
				);
				PRODUCT_BUNDLE_IDENTIFIER = Com.maa.CoreDataDemo;
				PRODUCT_NAME = "$(TARGET_NAME)";
				SWIFT_VERSION = 5.0;
				TARGETED_DEVICE_FAMILY = "1,2";
			};
			name = Release;
		};
		FDB1543825FD4697003C8D6E /* Debug */ = {
			isa = XCBuildConfiguration;
			buildSettings = {
				ALWAYS_EMBED_SWIFT_STANDARD_LIBRARIES = YES;
				BUNDLE_LOADER = "$(TEST_HOST)";
				CODE_SIGN_STYLE = Automatic;
				DEVELOPMENT_TEAM = 3X37L3WJ45;
				INFOPLIST_FILE = CoreDataDemoTests/Info.plist;
				IPHONEOS_DEPLOYMENT_TARGET = 14.3;
				LD_RUNPATH_SEARCH_PATHS = (
					"$(inherited)",
					"@executable_path/Frameworks",
					"@loader_path/Frameworks",
				);
				PRODUCT_BUNDLE_IDENTIFIER = Com.maa.CoreDataDemoTests;
				PRODUCT_NAME = "$(TARGET_NAME)";
				SWIFT_VERSION = 5.0;
				TARGETED_DEVICE_FAMILY = "1,2";
				TEST_HOST = "$(BUILT_PRODUCTS_DIR)/CoreDataDemo.app/CoreDataDemo";
			};
			name = Debug;
		};
		FDB1543925FD4697003C8D6E /* Release */ = {
			isa = XCBuildConfiguration;
			buildSettings = {
				ALWAYS_EMBED_SWIFT_STANDARD_LIBRARIES = YES;
				BUNDLE_LOADER = "$(TEST_HOST)";
				CODE_SIGN_STYLE = Automatic;
				DEVELOPMENT_TEAM = 3X37L3WJ45;
				INFOPLIST_FILE = CoreDataDemoTests/Info.plist;
				IPHONEOS_DEPLOYMENT_TARGET = 14.3;
				LD_RUNPATH_SEARCH_PATHS = (
					"$(inherited)",
					"@executable_path/Frameworks",
					"@loader_path/Frameworks",
				);
				PRODUCT_BUNDLE_IDENTIFIER = Com.maa.CoreDataDemoTests;
				PRODUCT_NAME = "$(TARGET_NAME)";
				SWIFT_VERSION = 5.0;
				TARGETED_DEVICE_FAMILY = "1,2";
				TEST_HOST = "$(BUILT_PRODUCTS_DIR)/CoreDataDemo.app/CoreDataDemo";
			};
			name = Release;
		};
		FDB1543B25FD4697003C8D6E /* Debug */ = {
			isa = XCBuildConfiguration;
			buildSettings = {
				ALWAYS_EMBED_SWIFT_STANDARD_LIBRARIES = YES;
				CODE_SIGN_STYLE = Automatic;
				DEVELOPMENT_TEAM = 3X37L3WJ45;
				INFOPLIST_FILE = CoreDataDemoUITests/Info.plist;
				LD_RUNPATH_SEARCH_PATHS = (
					"$(inherited)",
					"@executable_path/Frameworks",
					"@loader_path/Frameworks",
				);
				PRODUCT_BUNDLE_IDENTIFIER = Com.maa.CoreDataDemoUITests;
				PRODUCT_NAME = "$(TARGET_NAME)";
				SWIFT_VERSION = 5.0;
				TARGETED_DEVICE_FAMILY = "1,2";
				TEST_TARGET_NAME = CoreDataDemo;
			};
			name = Debug;
		};
		FDB1543C25FD4697003C8D6E /* Release */ = {
			isa = XCBuildConfiguration;
			buildSettings = {
				ALWAYS_EMBED_SWIFT_STANDARD_LIBRARIES = YES;
				CODE_SIGN_STYLE = Automatic;
				DEVELOPMENT_TEAM = 3X37L3WJ45;
				INFOPLIST_FILE = CoreDataDemoUITests/Info.plist;
				LD_RUNPATH_SEARCH_PATHS = (
					"$(inherited)",
					"@executable_path/Frameworks",
					"@loader_path/Frameworks",
				);
				PRODUCT_BUNDLE_IDENTIFIER = Com.maa.CoreDataDemoUITests;
				PRODUCT_NAME = "$(TARGET_NAME)";
				SWIFT_VERSION = 5.0;
				TARGETED_DEVICE_FAMILY = "1,2";
				TEST_TARGET_NAME = CoreDataDemo;
			};
			name = Release;
		};
/* End XCBuildConfiguration section */

/* Begin XCConfigurationList section */
		FDB1540225FD4695003C8D6E /* Build configuration list for PBXProject "CoreDataDemo" */ = {
			isa = XCConfigurationList;
			buildConfigurations = (
				FDB1543225FD4697003C8D6E /* Debug */,
				FDB1543325FD4697003C8D6E /* Release */,
			);
			defaultConfigurationIsVisible = 0;
			defaultConfigurationName = Release;
		};
		FDB1543425FD4697003C8D6E /* Build configuration list for PBXNativeTarget "CoreDataDemo" */ = {
			isa = XCConfigurationList;
			buildConfigurations = (
				FDB1543525FD4697003C8D6E /* Debug */,
				FDB1543625FD4697003C8D6E /* Release */,
			);
			defaultConfigurationIsVisible = 0;
			defaultConfigurationName = Release;
		};
		FDB1543725FD4697003C8D6E /* Build configuration list for PBXNativeTarget "CoreDataDemoTests" */ = {
			isa = XCConfigurationList;
			buildConfigurations = (
				FDB1543825FD4697003C8D6E /* Debug */,
				FDB1543925FD4697003C8D6E /* Release */,
			);
			defaultConfigurationIsVisible = 0;
			defaultConfigurationName = Release;
		};
		FDB1543A25FD4697003C8D6E /* Build configuration list for PBXNativeTarget "CoreDataDemoUITests" */ = {
			isa = XCConfigurationList;
			buildConfigurations = (
				FDB1543B25FD4697003C8D6E /* Debug */,
				FDB1543C25FD4697003C8D6E /* Release */,
			);
			defaultConfigurationIsVisible = 0;
			defaultConfigurationName = Release;
		};
/* End XCConfigurationList section */

/* Begin XCVersionGroup section */
		FDB1541325FD4695003C8D6E /* CoreDataDemo.xcdatamodeld */ = {
			isa = XCVersionGroup;
			children = (
				FDB1541425FD4695003C8D6E /* CoreDataDemo.xcdatamodel */,
			);
			currentVersion = FDB1541425FD4695003C8D6E /* CoreDataDemo.xcdatamodel */;
			path = CoreDataDemo.xcdatamodeld;
			sourceTree = "<group>";
			versionGroupType = wrapper.xcdatamodel;
		};
/* End XCVersionGroup section */
	};
	rootObject = FDB153FF25FD4695003C8D6E /* Project object */;
}
